Microsoft Visual Studio Solution File, Format Version 11.00
# Visual Studio 2008

Project("{E9A2C8DF-2F7F-D179-A4CD-52395BBA32DF}") = "You Can't Bear The Bulls", "Assembly-CSharp.csproj", "{84B137CA-2440-777B-DE25-E5DAA746EE8B}"
EndProject
Global
	GlobalSection(SolutionConfigurationPlatforms) = preSolution
		Debug|Any CPU = Debug|Any CPU
		Release|Any CPU = Release|Any CPU
	EndGlobalSection
	GlobalSection(ProjectConfigurationPlatforms) = postSolution
		{84B137CA-2440-777B-DE25-E5DAA746EE8B}.Debug|Any CPU.ActiveCfg = Debug|Any CPU
		{84B137CA-2440-777B-DE25-E5DAA746EE8B}.Debug|Any CPU.Build.0 = Debug|Any CPU
		{84B137CA-2440-777B-DE25-E5DAA746EE8B}.Release|Any CPU.ActiveCfg = Release|Any CPU
		{84B137CA-2440-777B-DE25-E5DAA746EE8B}.Release|Any CPU.Build.0 = Release|Any CPU
	EndGlobalSection
	GlobalSection(SolutionProperties) = preSolution
		HideSolutionNode = FALSE
	EndGlobalSection
	GlobalSection(MonoDevelopProperties) = preSolution
		StartupItem = Assembly-CSharp.csproj
	EndGlobalSection
EndGlobal
